
Microsoft Visual Studio Solution File, Format Version 12.00
# Visual Studio Version 17
VisualStudioVersion = 17.3.32825.248
MinimumVisualStudioVersion = 10.0.40219.1
Project("{FAE04EC0-301F-11D3-BF4B-00C04F79EFBC}") = "Calculadora", "Calculadora.csproj", "{478FACE9-7707-41EA-84EA-EB837704CD47}"
EndProject
Project("{FAE04EC0-301F-11D3-BF4B-00C04F79EFBC}") = "Calculadora.Tests", "..\Calculadora.Tests\Calculadora.Tests.csproj", "{CFB550A4-E818-48E0-B16C-E63B82CA979B}"
EndProject
Global
	GlobalSection(SolutionConfigurationPlatforms) = preSolution
		Debug|Any CPU = Debug|Any CPU
		Release|Any CPU = Release|Any CPU
	EndGlobalSection
	GlobalSection(ProjectConfigurationPlatforms) = postSolution
		{478FACE9-7707-41EA-84EA-EB837704CD47}.Debug|Any CPU.ActiveCfg = Debug|Any CPU
		{478FACE9-7707-41EA-84EA-EB837704CD47}.Debug|Any CPU.Build.0 = Debug|Any CPU
		{478FACE9-7707-41EA-84EA-EB837704CD47}.Release|Any CPU.ActiveCfg = Release|Any CPU
		{478FACE9-7707-41EA-84EA-EB837704CD47}.Release|Any CPU.Build.0 = Release|Any CPU
		{CFB550A4-E818-48E0-B16C-E63B82CA979B}.Debug|Any CPU.ActiveCfg = Debug|Any CPU
		{CFB550A4-E818-48E0-B16C-E63B82CA979B}.Debug|Any CPU.Build.0 = Debug|Any CPU
		{CFB550A4-E818-48E0-B16C-E63B82CA979B}.Release|Any CPU.ActiveCfg = Release|Any CPU
		{CFB550A4-E818-48E0-B16C-E63B82CA979B}.Release|Any CPU.Build.0 = Release|Any CPU
	EndGlobalSection
	GlobalSection(SolutionProperties) = preSolution
		HideSolutionNode = FALSE
	EndGlobalSection
	GlobalSection(ExtensibilityGlobals) = postSolution
		SolutionGuid = {B8CF787A-1021-4F22-9847-9D62B4166300}
	EndGlobalSection
EndGlobal
